
Microsoft Visual Studio Solution File, Format Version 12.00
# Visual Studio Version 17
VisualStudioVersion = 17.10.34916.146
MinimumVisualStudioVersion = 10.0.40219.1
Project("{FAE04EC0-301F-11D3-BF4B-00C04F79EFBC}") = "Sales_NET8.Web", "Sales_NET8.Web\Sales_NET8.Web.csproj", "{E055F4E4-9D56-49CF-8ADA-016DE20609E5}"
EndProject
Global
	GlobalSection(SolutionConfigurationPlatforms) = preSolution
		Debug|Any CPU = Debug|Any CPU
		Release|Any CPU = Release|Any CPU
	EndGlobalSection
	GlobalSection(ProjectConfigurationPlatforms) = postSolution
		{E055F4E4-9D56-49CF-8ADA-016DE20609E5}.Debug|Any CPU.ActiveCfg = Debug|Any CPU
		{E055F4E4-9D56-49CF-8ADA-016DE20609E5}.Debug|Any CPU.Build.0 = Debug|Any CPU
		{E055F4E4-9D56-49CF-8ADA-016DE20609E5}.Release|Any CPU.ActiveCfg = Release|Any CPU
		{E055F4E4-9D56-49CF-8ADA-016DE20609E5}.Release|Any CPU.Build.0 = Release|Any CPU
	EndGlobalSection
	GlobalSection(SolutionProperties) = preSolution
		HideSolutionNode = FALSE
	EndGlobalSection
	GlobalSection(ExtensibilityGlobals) = postSolution
		SolutionGuid = {4DD33390-EA78-4FFC-AA5E-AFE8D6474994}
	EndGlobalSection
EndGlobal
